
Microsoft Visual Studio Solution File, Format Version 12.00
# Visual Studio Version 17
VisualStudioVersion = 17.13.35825.156 d17.13
MinimumVisualStudioVersion = 10.0.40219.1
Project("{FAE04EC0-301F-11D3-BF4B-00C04F79EFBC}") = "LTWeb09_Bai02", "LTWeb09_Bai02.csproj", "{09A91004-441E-4532-98D4-4F3ADEB9295B}"
EndProject
Global
	GlobalSection(SolutionConfigurationPlatforms) = preSolution
		Debug|Any CPU = Debug|Any CPU
		Release|Any CPU = Release|Any CPU
	EndGlobalSection
	GlobalSection(ProjectConfigurationPlatforms) = postSolution
		{09A91004-441E-4532-98D4-4F3ADEB9295B}.Debug|Any CPU.ActiveCfg = Debug|Any CPU
		{09A91004-441E-4532-98D4-4F3ADEB9295B}.Debug|Any CPU.Build.0 = Debug|Any CPU
		{09A91004-441E-4532-98D4-4F3ADEB9295B}.Release|Any CPU.ActiveCfg = Release|Any CPU
		{09A91004-441E-4532-98D4-4F3ADEB9295B}.Release|Any CPU.Build.0 = Release|Any CPU
	EndGlobalSection
	GlobalSection(SolutionProperties) = preSolution
		HideSolutionNode = FALSE
	EndGlobalSection
	GlobalSection(ExtensibilityGlobals) = postSolution
		SolutionGuid = {B2C3B436-0E9B-4DED-A5B1-6AD16D311631}
	EndGlobalSection
EndGlobal
